
Microsoft Visual Studio Solution File, Format Version 12.00
# Visual Studio Express 2012 for Web
Project("{FAE04EC0-301F-11D3-BF4B-00C04F79EFBC}") = "AssignmentTwo", "AssignmentTwo\AssignmentTwo.csproj", "{CFD52DE6-8207-42CA-AD71-F311A6407041}"
EndProject
Global
	GlobalSection(SolutionConfigurationPlatforms) = preSolution
		Debug|Any CPU = Debug|Any CPU
		Release|Any CPU = Release|Any CPU
	EndGlobalSection
	GlobalSection(ProjectConfigurationPlatforms) = postSolution
		{CFD52DE6-8207-42CA-AD71-F311A6407041}.Debug|Any CPU.ActiveCfg = Debug|Any CPU
		{CFD52DE6-8207-42CA-AD71-F311A6407041}.Debug|Any CPU.Build.0 = Debug|Any CPU
		{CFD52DE6-8207-42CA-AD71-F311A6407041}.Release|Any CPU.ActiveCfg = Release|Any CPU
		{CFD52DE6-8207-42CA-AD71-F311A6407041}.Release|Any CPU.Build.0 = Release|Any CPU
	EndGlobalSection
	GlobalSection(SolutionProperties) = preSolution
		HideSolutionNode = FALSE
	EndGlobalSection
EndGlobal
